// !$*UTF8*$!
{
	archiveVersion = 1;
	classes = {
	};
	objectVersion = 55;
	objects = {

/* Begin PBXBuildFile section */
		8B8C3BD78235DFBAAC36B31A /* Pods_XChangeCalculator_XChangeCalculatorUITests.framework in Frameworks */ = {isa = PBXBuildFile; fileRef = DC35C50A179008C5A132D291 /* Pods_XChangeCalculator_XChangeCalculatorUITests.framework */; };
		98EC288C8B2C9AB9B459C105 /* Pods_XChangeCalculator.framework in Frameworks */ = {isa = PBXBuildFile; fileRef = 4ECD2B7C6F7DD68832B1512B /* Pods_XChangeCalculator.framework */; };
		B46CB1CE27B8136F00293105 /* AppDelegate.swift in Sources */ = {isa = PBXBuildFile; fileRef = B46CB1CD27B8136F00293105 /* AppDelegate.swift */; };
		B46CB1D027B8136F00293105 /* SceneDelegate.swift in Sources */ = {isa = PBXBuildFile; fileRef = B46CB1CF27B8136F00293105 /* SceneDelegate.swift */; };
		B46CB1D227B8136F00293105 /* ViewController.swift in Sources */ = {isa = PBXBuildFile; fileRef = B46CB1D127B8136F00293105 /* ViewController.swift */; };
		B46CB1D527B8136F00293105 /* Main.storyboard in Resources */ = {isa = PBXBuildFile; fileRef = B46CB1D327B8136F00293105 /* Main.storyboard */; };
		B46CB1D727B8137500293105 /* Assets.xcassets in Resources */ = {isa = PBXBuildFile; fileRef = B46CB1D627B8137500293105 /* Assets.xcassets */; };
		B46CB1DA27B8137500293105 /* LaunchScreen.storyboard in Resources */ = {isa = PBXBuildFile; fileRef = B46CB1D827B8137500293105 /* LaunchScreen.storyboard */; };
		B46CB1E527B8137700293105 /* XChangeCalculatorTests.swift in Sources */ = {isa = PBXBuildFile; fileRef = B46CB1E427B8137700293105 /* XChangeCalculatorTests.swift */; };
		B46CB1EF27B8137700293105 /* XChangeCalculatorUITests.swift in Sources */ = {isa = PBXBuildFile; fileRef = B46CB1EE27B8137700293105 /* XChangeCalculatorUITests.swift */; };
		B46CB1F127B8137700293105 /* XChangeCalculatorUITestsLaunchTests.swift in Sources */ = {isa = PBXBuildFile; fileRef = B46CB1F027B8137700293105 /* XChangeCalculatorUITestsLaunchTests.swift */; };
		B46CB1FF27B8186500293105 /* Extension+ViewController.swift in Sources */ = {isa = PBXBuildFile; fileRef = B46CB1FE27B8186500293105 /* Extension+ViewController.swift */; };
		B46CB20227B8192B00293105 /* CurrencyViewModel.swift in Sources */ = {isa = PBXBuildFile; fileRef = B46CB20127B8192B00293105 /* CurrencyViewModel.swift */; };
		B46CB20527B81B8900293105 /* Model.swift in Sources */ = {isa = PBXBuildFile; fileRef = B46CB20427B81B8900293105 /* Model.swift */; };
		B46CB20827B81C0500293105 /* LineChartDisplayIndicator.swift in Sources */ = {isa = PBXBuildFile; fileRef = B46CB20727B81C0500293105 /* LineChartDisplayIndicator.swift */; };
		CDE5550C2F7DEA9B956CBF77 /* Pods_XChangeCalculatorTests.framework in Frameworks */ = {isa = PBXBuildFile; fileRef = 3E0A30B0E455DBC8AB103109 /* Pods_XChangeCalculatorTests.framework */; };
/* End PBXBuildFile section */

/* Begin PBXContainerItemProxy section */
		B46CB1E127B8137700293105 /* PBXContainerItemProxy */ = {
			isa = PBXContainerItemProxy;
			containerPortal = B46CB1C227B8136F00293105 /* Project object */;
			proxyType = 1;
			remoteGlobalIDString = B46CB1C927B8136F00293105;
			remoteInfo = XChangeCalculator;
		};
		B46CB1EB27B8137700293105 /* PBXContainerItemProxy */ = {
			isa = PBXContainerItemProxy;
			containerPortal = B46CB1C227B8136F00293105 /* Project object */;
			proxyType = 1;
			remoteGlobalIDString = B46CB1C927B8136F00293105;
			remoteInfo = XChangeCalculator;
		};
/* End PBXContainerItemProxy section */

/* Begin PBXFileReference section */
		3E0A30B0E455DBC8AB103109 /* Pods_XChangeCalculatorTests.framework */ = {isa = PBXFileReference; explicitFileType = wrapper.framework; includeInIndex = 0; path = Pods_XChangeCalculatorTests.framework; sourceTree = BUILT_PRODUCTS_DIR; };
		452F10919A62A6B142E9F644 /* Pods-XChangeCalculatorTests.release.xcconfig */ = {isa = PBXFileReference; includeInIndex = 1; lastKnownFileType = text.xcconfig; name = "Pods-XChangeCalculatorTests.release.xcconfig"; path = "Target Support Files/Pods-XChangeCalculatorTests/Pods-XChangeCalculatorTests.release.xcconfig"; sourceTree = "<group>"; };
		4D34762388FFB2A1980EBCB0 /* Pods-XChangeCalculator.release.xcconfig */ = {isa = PBXFileReference; includeInIndex = 1; lastKnownFileType = text.xcconfig; name = "Pods-XChangeCalculator.release.xcconfig"; path = "Target Support Files/Pods-XChangeCalculator/Pods-XChangeCalculator.release.xcconfig"; sourceTree = "<group>"; };
		4ECD2B7C6F7DD68832B1512B /* Pods_XChangeCalculator.framework */ = {isa = PBXFileReference; explicitFileType = wrapper.framework; includeInIndex = 0; path = Pods_XChangeCalculator.framework; sourceTree = BUILT_PRODUCTS_DIR; };
		4F2CCDBA31AB4B6F1ED28794 /* Pods-XChangeCalculatorTests.debug.xcconfig */ = {isa = PBXFileReference; includeInIndex = 1; lastKnownFileType = text.xcconfig; name = "Pods-XChangeCalculatorTests.debug.xcconfig"; path = "Target Support Files/Pods-XChangeCalculatorTests/Pods-XChangeCalculatorTests.debug.xcconfig"; sourceTree = "<group>"; };
		69F75A52C83CD3F44A7CE71C /* Pods-XChangeCalculator.debug.xcconfig */ = {isa = PBXFileReference; includeInIndex = 1; lastKnownFileType = text.xcconfig; name = "Pods-XChangeCalculator.debug.xcconfig"; path = "Target Support Files/Pods-XChangeCalculator/Pods-XChangeCalculator.debug.xcconfig"; sourceTree = "<group>"; };
		B46CB1CA27B8136F00293105 /* XChangeCalculator.app */ = {isa = PBXFileReference; explicitFileType = wrapper.application; includeInIndex = 0; path = XChangeCalculator.app; sourceTree = BUILT_PRODUCTS_DIR; };
		B46CB1CD27B8136F00293105 /* AppDelegate.swift */ = {isa = PBXFileReference; lastKnownFileType = sourcecode.swift; path = AppDelegate.swift; sourceTree = "<group>"; };
		B46CB1CF27B8136F00293105 /* SceneDelegate.swift */ = {isa = PBXFileReference; lastKnownFileType = sourcecode.swift; path = SceneDelegate.swift; sourceTree = "<group>"; };
		B46CB1D127B8136F00293105 /* ViewController.swift */ = {isa = PBXFileReference; lastKnownFileType = sourcecode.swift; path = ViewController.swift; sourceTree = "<group>"; };
		B46CB1D427B8136F00293105 /* Base */ = {isa = PBXFileReference; lastKnownFileType = file.storyboard; name = Base; path = Base.lproj/Main.storyboard; sourceTree = "<group>"; };
		B46CB1D627B8137500293105 /* Assets.xcassets */ = {isa = PBXFileReference; lastKnownFileType = folder.assetcatalog; path = Assets.xcassets; sourceTree = "<group>"; };
		B46CB1D927B8137500293105 /* Base */ = {isa = PBXFileReference; lastKnownFileType = file.storyboard; name = Base; path = Base.lproj/LaunchScreen.storyboard; sourceTree = "<group>"; };
		B46CB1DB27B8137500293105 /* Info.plist */ = {isa = PBXFileReference; lastKnownFileType = text.plist.xml; path = Info.plist; sourceTree = "<group>"; };
		B46CB1E027B8137700293105 /* XChangeCalculatorTests.xctest */ = {isa = PBXFileReference; explicitFileType = wrapper.cfbundle; includeInIndex = 0; path = XChangeCalculatorTests.xctest; sourceTree = BUILT_PRODUCTS_DIR; };
		B46CB1E427B8137700293105 /* XChangeCalculatorTests.swift */ = {isa = PBXFileReference; lastKnownFileType = sourcecode.swift; path = XChangeCalculatorTests.swift; sourceTree = "<group>"; };
		B46CB1EA27B8137700293105 /* XChangeCalculatorUITests.xctest */ = {isa = PBXFileReference; explicitFileType = wrapper.cfbundle; includeInIndex = 0; path = XChangeCalculatorUITests.xctest; sourceTree = BUILT_PRODUCTS_DIR; };
		B46CB1EE27B8137700293105 /* XChangeCalculatorUITests.swift */ = {isa = PBXFileReference; lastKnownFileType = sourcecode.swift; path = XChangeCalculatorUITests.swift; sourceTree = "<group>"; };
		B46CB1F027B8137700293105 /* XChangeCalculatorUITestsLaunchTests.swift */ = {isa = PBXFileReference; lastKnownFileType = sourcecode.swift; path = XChangeCalculatorUITestsLaunchTests.swift; sourceTree = "<group>"; };
		B46CB1FE27B8186500293105 /* Extension+ViewController.swift */ = {isa = PBXFileReference; lastKnownFileType = sourcecode.swift; path = "Extension+ViewController.swift"; sourceTree = "<group>"; };
		B46CB20127B8192B00293105 /* CurrencyViewModel.swift */ = {isa = PBXFileReference; lastKnownFileType = sourcecode.swift; path = CurrencyViewModel.swift; sourceTree = "<group>"; };
		B46CB20427B81B8900293105 /* Model.swift */ = {isa = PBXFileReference; lastKnownFileType = sourcecode.swift; path = Model.swift; sourceTree = "<group>"; };
		B46CB20727B81C0500293105 /* LineChartDisplayIndicator.swift */ = {isa = PBXFileReference; lastKnownFileType = sourcecode.swift; path = LineChartDisplayIndicator.swift; sourceTree = "<group>"; };
		D84B98477589B3A484B94FB7 /* Pods-XChangeCalculator-XChangeCalculatorUITests.debug.xcconfig */ = {isa = PBXFileReference; includeInIndex = 1; lastKnownFileType = text.xcconfig; name = "Pods-XChangeCalculator-XChangeCalculatorUITests.debug.xcconfig"; path = "Target Support Files/Pods-XChangeCalculator-XChangeCalculatorUITests/Pods-XChangeCalculator-XChangeCalculatorUITests.debug.xcconfig"; sourceTree = "<group>"; };
		DC35C50A179008C5A132D291 /* Pods_XChangeCalculator_XChangeCalculatorUITests.framework */ = {isa = PBXFileReference; explicitFileType = wrapper.framework; includeInIndex = 0; path = Pods_XChangeCalculator_XChangeCalculatorUITests.framework; sourceTree = BUILT_PRODUCTS_DIR; };
		F527E42C37D18A23AF1B67CE /* Pods-XChangeCalculator-XChangeCalculatorUITests.release.xcconfig */ = {isa = PBXFileReference; includeInIndex = 1; lastKnownFileType = text.xcconfig; name = "Pods-XChangeCalculator-XChangeCalculatorUITests.release.xcconfig"; path = "Target Support Files/Pods-XChangeCalculator-XChangeCalculatorUITests/Pods-XChangeCalculator-XChangeCalculatorUITests.release.xcconfig"; sourceTree = "<group>"; };
/* End PBXFileReference section */

/* Begin PBXFrameworksBuildPhase section */
		B46CB1C727B8136F00293105 /* Frameworks */ = {
			isa = PBXFrameworksBuildPhase;
			buildActionMask = 2147483647;
			files = (
				98EC288C8B2C9AB9B459C105 /* Pods_XChangeCalculator.framework in Frameworks */,
			);
			runOnlyForDeploymentPostprocessing = 0;
		};
		B46CB1DD27B8137700293105 /* Frameworks */ = {
			isa = PBXFrameworksBuildPhase;
			buildActionMask = 2147483647;
			files = (
				CDE5550C2F7DEA9B956CBF77 /* Pods_XChangeCalculatorTests.framework in Frameworks */,
			);
			runOnlyForDeploymentPostprocessing = 0;
		};
		B46CB1E727B8137700293105 /* Frameworks */ = {
			isa = PBXFrameworksBuildPhase;
			buildActionMask = 2147483647;
			files = (
				8B8C3BD78235DFBAAC36B31A /* Pods_XChangeCalculator_XChangeCalculatorUITests.framework in Frameworks */,
			);
			runOnlyForDeploymentPostprocessing = 0;
		};
/* End PBXFrameworksBuildPhase section */

/* Begin PBXGroup section */
		6673DF20911FC81A2B2128EC /* Pods */ = {
			isa = PBXGroup;
			children = (
				69F75A52C83CD3F44A7CE71C /* Pods-XChangeCalculator.debug.xcconfig */,
				4D34762388FFB2A1980EBCB0 /* Pods-XChangeCalculator.release.xcconfig */,
				D84B98477589B3A484B94FB7 /* Pods-XChangeCalculator-XChangeCalculatorUITests.debug.xcconfig */,
				F527E42C37D18A23AF1B67CE /* Pods-XChangeCalculator-XChangeCalculatorUITests.release.xcconfig */,
				4F2CCDBA31AB4B6F1ED28794 /* Pods-XChangeCalculatorTests.debug.xcconfig */,
				452F10919A62A6B142E9F644 /* Pods-XChangeCalculatorTests.release.xcconfig */,
			);
			path = Pods;
			sourceTree = "<group>";
		};
		B46CB1C127B8136F00293105 = {
			isa = PBXGroup;
			children = (
				B46CB1CC27B8136F00293105 /* XChangeCalculator */,
				B46CB1E327B8137700293105 /* XChangeCalculatorTests */,
				B46CB1ED27B8137700293105 /* XChangeCalculatorUITests */,
				B46CB1CB27B8136F00293105 /* Products */,
				6673DF20911FC81A2B2128EC /* Pods */,
				B547C7199F5EB5455AD09481 /* Frameworks */,
			);
			sourceTree = "<group>";
		};
		B46CB1CB27B8136F00293105 /* Products */ = {
			isa = PBXGroup;
			children = (
				B46CB1CA27B8136F00293105 /* XChangeCalculator.app */,
				B46CB1E027B8137700293105 /* XChangeCalculatorTests.xctest */,
				B46CB1EA27B8137700293105 /* XChangeCalculatorUITests.xctest */,
			);
			name = Products;
			sourceTree = "<group>";
		};
		B46CB1CC27B8136F00293105 /* XChangeCalculator */ = {
			isa = PBXGroup;
			children = (
				B46CB20627B81BCB00293105 /* ChartView */,
				B46CB20327B81B6900293105 /* Model */,
				B46CB20027B8190A00293105 /* ViewModel */,
				B46CB1CD27B8136F00293105 /* AppDelegate.swift */,
				B46CB1CF27B8136F00293105 /* SceneDelegate.swift */,
				B46CB1FD27B8183400293105 /* Controller */,
				B46CB1D327B8136F00293105 /* Main.storyboard */,
				B46CB1D627B8137500293105 /* Assets.xcassets */,
				B46CB1D827B8137500293105 /* LaunchScreen.storyboard */,
				B46CB1DB27B8137500293105 /* Info.plist */,
			);
			path = XChangeCalculator;
			sourceTree = "<group>";
		};
		B46CB1E327B8137700293105 /* XChangeCalculatorTests */ = {
			isa = PBXGroup;
			children = (
				B46CB1E427B8137700293105 /* XChangeCalculatorTests.swift */,
			);
			path = XChangeCalculatorTests;
			sourceTree = "<group>";
		};
		B46CB1ED27B8137700293105 /* XChangeCalculatorUITests */ = {
			isa = PBXGroup;
			children = (
				B46CB1EE27B8137700293105 /* XChangeCalculatorUITests.swift */,
				B46CB1F027B8137700293105 /* XChangeCalculatorUITestsLaunchTests.swift */,
			);
			path = XChangeCalculatorUITests;
			sourceTree = "<group>";
		};
		B46CB1FD27B8183400293105 /* Controller */ = {
			isa = PBXGroup;
			children = (
				B46CB1D127B8136F00293105 /* ViewController.swift */,
				B46CB1FE27B8186500293105 /* Extension+ViewController.swift */,
			);
			path = Controller;
			sourceTree = "<group>";
		};
		B46CB20027B8190A00293105 /* ViewModel */ = {
			isa = PBXGroup;
			children = (
				B46CB20127B8192B00293105 /* CurrencyViewModel.swift */,
			);
			path = ViewModel;
			sourceTree = "<group>";
		};
		B46CB20327B81B6900293105 /* Model */ = {
			isa = PBXGroup;
			children = (
				B46CB20427B81B8900293105 /* Model.swift */,
			);
			path = Model;
			sourceTree = "<group>";
		};
		B46CB20627B81BCB00293105 /* ChartView */ = {
			isa = PBXGroup;
			children = (
				B46CB20727B81C0500293105 /* LineChartDisplayIndicator.swift */,
			);
			path = ChartView;
			sourceTree = "<group>";
		};
		B547C7199F5EB5455AD09481 /* Frameworks */ = {
			isa = PBXGroup;
			children = (
				4ECD2B7C6F7DD68832B1512B /* Pods_XChangeCalculator.framework */,
				DC35C50A179008C5A132D291 /* Pods_XChangeCalculator_XChangeCalculatorUITests.framework */,
				3E0A30B0E455DBC8AB103109 /* Pods_XChangeCalculatorTests.framework */,
			);
			name = Frameworks;
			sourceTree = "<group>";
		};
/* End PBXGroup section */

/* Begin PBXNativeTarget section */
		B46CB1C927B8136F00293105 /* XChangeCalculator */ = {
			isa = PBXNativeTarget;
			buildConfigurationList = B46CB1F427B8137700293105 /* Build configuration list for PBXNativeTarget "XChangeCalculator" */;
			buildPhases = (
				D4935FEA1BCAB90D9D667CFA /* [CP] Check Pods Manifest.lock */,
				B46CB1C627B8136F00293105 /* Sources */,
				B46CB1C727B8136F00293105 /* Frameworks */,
				B46CB1C827B8136F00293105 /* Resources */,
				89386756CC6806576D4E596C /* [CP] Embed Pods Frameworks */,
			);
			buildRules = (
			);
			dependencies = (
			);
			name = XChangeCalculator;
			productName = XChangeCalculator;
			productReference = B46CB1CA27B8136F00293105 /* XChangeCalculator.app */;
			productType = "com.apple.product-type.application";
		};
		B46CB1DF27B8137700293105 /* XChangeCalculatorTests */ = {
			isa = PBXNativeTarget;
			buildConfigurationList = B46CB1F727B8137700293105 /* Build configuration list for PBXNativeTarget "XChangeCalculatorTests" */;
			buildPhases = (
				C7C2FF8DA490641FBE32A63E /* [CP] Check Pods Manifest.lock */,
				B46CB1DC27B8137700293105 /* Sources */,
				B46CB1DD27B8137700293105 /* Frameworks */,
				B46CB1DE27B8137700293105 /* Resources */,
			);
			buildRules = (
			);
			dependencies = (
				B46CB1E227B8137700293105 /* PBXTargetDependency */,
			);
			name = XChangeCalculatorTests;
			productName = XChangeCalculatorTests;
			productReference = B46CB1E027B8137700293105 /* XChangeCalculatorTests.xctest */;
			productType = "com.apple.product-type.bundle.unit-test";
		};
		B46CB1E927B8137700293105 /* XChangeCalculatorUITests */ = {
			isa = PBXNativeTarget;
			buildConfigurationList = B46CB1FA27B8137700293105 /* Build configuration list for PBXNativeTarget "XChangeCalculatorUITests" */;
			buildPhases = (
				F16D4656A769E124F8E8C41E /* [CP] Check Pods Manifest.lock */,
				B46CB1E627B8137700293105 /* Sources */,
				B46CB1E727B8137700293105 /* Frameworks */,
				B46CB1E827B8137700293105 /* Resources */,
				3D858A4B34B482B8795940D5 /* [CP] Embed Pods Frameworks */,
			);
			buildRules = (
			);
			dependencies = (
				B46CB1EC27B8137700293105 /* PBXTargetDependency */,
			);
			name = XChangeCalculatorUITests;
			productName = XChangeCalculatorUITests;
			productReference = B46CB1EA27B8137700293105 /* XChangeCalculatorUITests.xctest */;
			productType = "com.apple.product-type.bundle.ui-testing";
		};
/* End PBXNativeTarget section */

/* Begin PBXProject section */
		B46CB1C227B8136F00293105 /* Project object */ = {
			isa = PBXProject;
			attributes = {
				BuildIndependentTargetsInParallel = 1;
				LastSwiftUpdateCheck = 1320;
				LastUpgradeCheck = 1320;
				TargetAttributes = {
					B46CB1C927B8136F00293105 = {
						CreatedOnToolsVersion = 13.2.1;
					};
					B46CB1DF27B8137700293105 = {
						CreatedOnToolsVersion = 13.2.1;
						TestTargetID = B46CB1C927B8136F00293105;
					};
					B46CB1E927B8137700293105 = {
						CreatedOnToolsVersion = 13.2.1;
						TestTargetID = B46CB1C927B8136F00293105;
					};
				};
			};
			buildConfigurationList = B46CB1C527B8136F00293105 /* Build configuration list for PBXProject "XChangeCalculator" */;
			compatibilityVersion = "Xcode 13.0";
			developmentRegion = en;
			hasScannedForEncodings = 0;
			knownRegions = (
				en,
				Base,
			);
			mainGroup = B46CB1C127B8136F00293105;
			productRefGroup = B46CB1CB27B8136F00293105 /* Products */;
			projectDirPath = "";
			projectRoot = "";
			targets = (
				B46CB1C927B8136F00293105 /* XChangeCalculator */,
				B46CB1DF27B8137700293105 /* XChangeCalculatorTests */,
				B46CB1E927B8137700293105 /* XChangeCalculatorUITests */,
			);
		};
/* End PBXProject section */

/* Begin PBXResourcesBuildPhase section */
		B46CB1C827B8136F00293105 /* Resources */ = {
			isa = PBXResourcesBuildPhase;
			buildActionMask = 2147483647;
			files = (
				B46CB1DA27B8137500293105 /* LaunchScreen.storyboard in Resources */,
				B46CB1D727B8137500293105 /* Assets.xcassets in Resources */,
				B46CB1D527B8136F00293105 /* Main.storyboard in Resources */,
			);
			runOnlyForDeploymentPostprocessing = 0;
		};
		B46CB1DE27B8137700293105 /* Resources */ = {
			isa = PBXResourcesBuildPhase;
			buildActionMask = 2147483647;
			files = (
			);
			runOnlyForDeploymentPostprocessing = 0;
		};
		B46CB1E827B8137700293105 /* Resources */ = {
			isa = PBXResourcesBuildPhase;
			buildActionMask = 2147483647;
			files = (
			);
			runOnlyForDeploymentPostprocessing = 0;
		};
/* End PBXResourcesBuildPhase section */

/* Begin PBXShellScriptBuildPhase section */
		3D858A4B34B482B8795940D5 /* [CP] Embed Pods Frameworks */ = {
			isa = PBXShellScriptBuildPhase;
			buildActionMask = 2147483647;
			files = (
			);
			inputFileListPaths = (
				"${PODS_ROOT}/Target Support Files/Pods-XChangeCalculator-XChangeCalculatorUITests/Pods-XChangeCalculator-XChangeCalculatorUITests-frameworks-${CONFIGURATION}-input-files.xcfilelist",
			);
			name = "[CP] Embed Pods Frameworks";
			outputFileListPaths = (
				"${PODS_ROOT}/Target Support Files/Pods-XChangeCalculator-XChangeCalculatorUITests/Pods-XChangeCalculator-XChangeCalculatorUITests-frameworks-${CONFIGURATION}-output-files.xcfilelist",
			);
			runOnlyForDeploymentPostprocessing = 0;
			shellPath = /bin/sh;
			shellScript = "\"${PODS_ROOT}/Target Support Files/Pods-XChangeCalculator-XChangeCalculatorUITests/Pods-XChangeCalculator-XChangeCalculatorUITests-frameworks.sh\"\n";
			showEnvVarsInLog = 0;
		};
		89386756CC6806576D4E596C /* [CP] Embed Pods Frameworks */ = {
			isa = PBXShellScriptBuildPhase;
			buildActionMask = 2147483647;
			files = (
			);
			inputFileListPaths = (
				"${PODS_ROOT}/Target Support Files/Pods-XChangeCalculator/Pods-XChangeCalculator-frameworks-${CONFIGURATION}-input-files.xcfilelist",
			);
			name = "[CP] Embed Pods Frameworks";
			outputFileListPaths = (
				"${PODS_ROOT}/Target Support Files/Pods-XChangeCalculator/Pods-XChangeCalculator-frameworks-${CONFIGURATION}-output-files.xcfilelist",
			);
			runOnlyForDeploymentPostprocessing = 0;
			shellPath = /bin/sh;
			shellScript = "\"${PODS_ROOT}/Target Support Files/Pods-XChangeCalculator/Pods-XChangeCalculator-frameworks.sh\"\n";
			showEnvVarsInLog = 0;
		};
		C7C2FF8DA490641FBE32A63E /* [CP] Check Pods Manifest.lock */ = {
			isa = PBXShellScriptBuildPhase;
			buildActionMask = 2147483647;
			files = (
			);
			inputFileListPaths = (
			);
			inputPaths = (
				"${PODS_PODFILE_DIR_PATH}/Podfile.lock",
				"${PODS_ROOT}/Manifest.lock",
			);
			name = "[CP] Check Pods Manifest.lock";
			outputFileListPaths = (
			);
			outputPaths = (
				"$(DERIVED_FILE_DIR)/Pods-XChangeCalculatorTests-checkManifestLockResult.txt",
			);
			runOnlyForDeploymentPostprocessing = 0;
			shellPath = /bin/sh;
			shellScript = "diff \"${PODS_PODFILE_DIR_PATH}/Podfile.lock\" \"${PODS_ROOT}/Manifest.lock\" > /dev/null\nif [ $? != 0 ] ; then\n    # print error to STDERR\n    echo \"error: The sandbox is not in sync with the Podfile.lock. Run 'pod install' or update your CocoaPods installation.\" >&2\n    exit 1\nfi\n# This output is used by Xcode 'outputs' to avoid re-running this script phase.\necho \"SUCCESS\" > \"${SCRIPT_OUTPUT_FILE_0}\"\n";
			showEnvVarsInLog = 0;
		};
		D4935FEA1BCAB90D9D667CFA /* [CP] Check Pods Manifest.lock */ = {
			isa = PBXShellScriptBuildPhase;
			buildActionMask = 2147483647;
			files = (
			);
			inputFileListPaths = (
			);
			inputPaths = (
				"${PODS_PODFILE_DIR_PATH}/Podfile.lock",
				"${PODS_ROOT}/Manifest.lock",
			);
			name = "[CP] Check Pods Manifest.lock";
			outputFileListPaths = (
			);
			outputPaths = (
				"$(DERIVED_FILE_DIR)/Pods-XChangeCalculator-checkManifestLockResult.txt",
			);
			runOnlyForDeploymentPostprocessing = 0;
			shellPath = /bin/sh;
			shellScript = "diff \"${PODS_PODFILE_DIR_PATH}/Podfile.lock\" \"${PODS_ROOT}/Manifest.lock\" > /dev/null\nif [ $? != 0 ] ; then\n    # print error to STDERR\n    echo \"error: The sandbox is not in sync with the Podfile.lock. Run 'pod install' or update your CocoaPods installation.\" >&2\n    exit 1\nfi\n# This output is used by Xcode 'outputs' to avoid re-running this script phase.\necho \"SUCCESS\" > \"${SCRIPT_OUTPUT_FILE_0}\"\n";
			showEnvVarsInLog = 0;
		};
		F16D4656A769E124F8E8C41E /* [CP] Check Pods Manifest.lock */ = {
			isa = PBXShellScriptBuildPhase;
			buildActionMask = 2147483647;
			files = (
			);
			inputFileListPaths = (
			);
			inputPaths = (
				"${PODS_PODFILE_DIR_PATH}/Podfile.lock",
				"${PODS_ROOT}/Manifest.lock",
			);
			name = "[CP] Check Pods Manifest.lock";
			outputFileListPaths = (
			);
			outputPaths = (
				"$(DERIVED_FILE_DIR)/Pods-XChangeCalculator-XChangeCalculatorUITests-checkManifestLockResult.txt",
			);
			runOnlyForDeploymentPostprocessing = 0;
			shellPath = /bin/sh;
			shellScript = "diff \"${PODS_PODFILE_DIR_PATH}/Podfile.lock\" \"${PODS_ROOT}/Manifest.lock\" > /dev/null\nif [ $? != 0 ] ; then\n    # print error to STDERR\n    echo \"error: The sandbox is not in sync with the Podfile.lock. Run 'pod install' or update your CocoaPods installation.\" >&2\n    exit 1\nfi\n# This output is used by Xcode 'outputs' to avoid re-running this script phase.\necho \"SUCCESS\" > \"${SCRIPT_OUTPUT_FILE_0}\"\n";
			showEnvVarsInLog = 0;
		};
/* End PBXShellScriptBuildPhase section */

/* Begin PBXSourcesBuildPhase section */
		B46CB1C627B8136F00293105 /* Sources */ = {
			isa = PBXSourcesBuildPhase;
			buildActionMask = 2147483647;
			files = (
				B46CB1FF27B8186500293105 /* Extension+ViewController.swift in Sources */,
				B46CB20227B8192B00293105 /* CurrencyViewModel.swift in Sources */,
				B46CB1D227B8136F00293105 /* ViewController.swift in Sources */,
				B46CB20527B81B8900293105 /* Model.swift in Sources */,
				B46CB1CE27B8136F00293105 /* AppDelegate.swift in Sources */,
				B46CB20827B81C0500293105 /* LineChartDisplayIndicator.swift in Sources */,
				B46CB1D027B8136F00293105 /* SceneDelegate.swift in Sources */,
			);
			runOnlyForDeploymentPostprocessing = 0;
		};
		B46CB1DC27B8137700293105 /* Sources */ = {
			isa = PBXSourcesBuildPhase;
			buildActionMask = 2147483647;
			files = (
				B46CB1E527B8137700293105 /* XChangeCalculatorTests.swift in Sources */,
			);
			runOnlyForDeploymentPostprocessing = 0;
		};
		B46CB1E627B8137700293105 /* Sources */ = {
			isa = PBXSourcesBuildPhase;
			buildActionMask = 2147483647;
			files = (
				B46CB1EF27B8137700293105 /* XChangeCalculatorUITests.swift in Sources */,
				B46CB1F127B8137700293105 /* XChangeCalculatorUITestsLaunchTests.swift in Sources */,
			);
			runOnlyForDeploymentPostprocessing = 0;
		};
/* End PBXSourcesBuildPhase section */

/* Begin PBXTargetDependency section */
		B46CB1E227B8137700293105 /* PBXTargetDependency */ = {
			isa = PBXTargetDependency;
			target = B46CB1C927B8136F00293105 /* XChangeCalculator */;
			targetProxy = B46CB1E127B8137700293105 /* PBXContainerItemProxy */;
		};
		B46CB1EC27B8137700293105 /* PBXTargetDependency */ = {
			isa = PBXTargetDependency;
			target = B46CB1C927B8136F00293105 /* XChangeCalculator */;
			targetProxy = B46CB1EB27B8137700293105 /* PBXContainerItemProxy */;
		};
/* End PBXTargetDependency section */

/* Begin PBXVariantGroup section */
		B46CB1D327B8136F00293105 /* Main.storyboard */ = {
			isa = PBXVariantGroup;
			children = (
				B46CB1D427B8136F00293105 /* Base */,
			);
			name = Main.storyboard;
			sourceTree = "<group>";
		};
		B46CB1D827B8137500293105 /* LaunchScreen.storyboard */ = {
			isa = PBXVariantGroup;
			children = (
				B46CB1D927B8137500293105 /* Base */,
			);
			name = LaunchScreen.storyboard;
			sourceTree = "<group>";
		};
/* End PBXVariantGroup section */

/* Begin XCBuildConfiguration section */
		B46CB1F227B8137700293105 /* Debug */ = {
			isa = XCBuildConfiguration;
			buildSettings = {
				ALWAYS_SEARCH_USER_PATHS = NO;
				CLANG_ANALYZER_NONNULL = YES;
				CLANG_ANALYZER_NUMBER_OBJECT_CONVERSION = YES_AGGRESSIVE;
				CLANG_CXX_LANGUAGE_STANDARD = "gnu++17";
				CLANG_CXX_LIBRARY = "libc++";
				CLANG_ENABLE_MODULES = YES;
				CLANG_ENABLE_OBJC_ARC = YES;
				CLANG_ENABLE_OBJC_WEAK = YES;
				CLANG_WARN_BLOCK_CAPTURE_AUTORELEASING = YES;
				CLANG_WARN_BOOL_CONVERSION = YES;
				CLANG_WARN_COMMA = YES;
				CLANG_WARN_CONSTANT_CONVERSION = YES;
				CLANG_WARN_DEPRECATED_OBJC_IMPLEMENTATIONS = YES;
				CLANG_WARN_DIRECT_OBJC_ISA_USAGE = YES_ERROR;
				CLANG_WARN_DOCUMENTATION_COMMENTS = YES;
				CLANG_WARN_EMPTY_BODY = YES;
				CLANG_WARN_ENUM_CONVERSION = YES;
				CLANG_WARN_INFINITE_RECURSION = YES;
				CLANG_WARN_INT_CONVERSION = YES;
				CLANG_WARN_NON_LITERAL_NULL_CONVERSION = YES;
				CLANG_WARN_OBJC_IMPLICIT_RETAIN_SELF = YES;
				CLANG_WARN_OBJC_LITERAL_CONVERSION = YES;
				CLANG_WARN_OBJC_ROOT_CLASS = YES_ERROR;
				CLANG_WARN_QUOTED_INCLUDE_IN_FRAMEWORK_HEADER = YES;
				CLANG_WARN_RANGE_LOOP_ANALYSIS = YES;
				CLANG_WARN_STRICT_PROTOTYPES = YES;
				CLANG_WARN_SUSPICIOUS_MOVE = YES;
				CLANG_WARN_UNGUARDED_AVAILABILITY = YES_AGGRESSIVE;
				CLANG_WARN_UNREACHABLE_CODE = YES;
				CLANG_WARN__DUPLICATE_METHOD_MATCH = YES;
				COPY_PHASE_STRIP = NO;
				DEBUG_INFORMATION_FORMAT = dwarf;
				ENABLE_STRICT_OBJC_MSGSEND = YES;
				ENABLE_TESTABILITY = YES;
				GCC_C_LANGUAGE_STANDARD = gnu11;
				GCC_DYNAMIC_NO_PIC = NO;
				GCC_NO_COMMON_BLOCKS = YES;
				GCC_OPTIMIZATION_LEVEL = 0;
				GCC_PREPROCESSOR_DEFINITIONS = (
					"DEBUG=1",
					"$(inherited)",
				);
				GCC_WARN_64_TO_32_BIT_CONVERSION = YES;
				GCC_WARN_ABOUT_RETURN_TYPE = YES_ERROR;
				GCC_WARN_UNDECLARED_SELECTOR = YES;
				GCC_WARN_UNINITIALIZED_AUTOS = YES_AGGRESSIVE;
				GCC_WARN_UNUSED_FUNCTION = YES;
				GCC_WARN_UNUSED_VARIABLE = YES;
				IPHONEOS_DEPLOYMENT_TARGET = 15.2;
				MTL_ENABLE_DEBUG_INFO = INCLUDE_SOURCE;
				MTL_FAST_MATH = YES;
				ONLY_ACTIVE_ARCH = YES;
				SDKROOT = iphoneos;
				SWIFT_ACTIVE_COMPILATION_CONDITIONS = DEBUG;
				SWIFT_OPTIMIZATION_LEVEL = "-Onone";
			};
			name = Debug;
		};
		B46CB1F327B8137700293105 /* Release */ = {
			isa = XCBuildConfiguration;
			buildSettings = {
				ALWAYS_SEARCH_USER_PATHS = NO;
				CLANG_ANALYZER_NONNULL = YES;
				CLANG_ANALYZER_NUMBER_OBJECT_CONVERSION = YES_AGGRESSIVE;
				CLANG_CXX_LANGUAGE_STANDARD = "gnu++17";
				CLANG_CXX_LIBRARY = "libc++";
				CLANG_ENABLE_MODULES = YES;
				CLANG_ENABLE_OBJC_ARC = YES;
				CLANG_ENABLE_OBJC_WEAK = YES;
				CLANG_WARN_BLOCK_CAPTURE_AUTORELEASING = YES;
				CLANG_WARN_BOOL_CONVERSION = YES;
				CLANG_WARN_COMMA = YES;
				CLANG_WARN_CONSTANT_CONVERSION = YES;
				CLANG_WARN_DEPRECATED_OBJC_IMPLEMENTATIONS = YES;
				CLANG_WARN_DIRECT_OBJC_ISA_USAGE = YES_ERROR;
				CLANG_WARN_DOCUMENTATION_COMMENTS = YES;
				CLANG_WARN_EMPTY_BODY = YES;
				CLANG_WARN_ENUM_CONVERSION = YES;
				CLANG_WARN_INFINITE_RECURSION = YES;
				CLANG_WARN_INT_CONVERSION = YES;
				CLANG_WARN_NON_LITERAL_NULL_CONVERSION = YES;
				CLANG_WARN_OBJC_IMPLICIT_RETAIN_SELF = YES;
				CLANG_WARN_OBJC_LITERAL_CONVERSION = YES;
				CLANG_WARN_OBJC_ROOT_CLASS = YES_ERROR;
				CLANG_WARN_QUOTED_INCLUDE_IN_FRAMEWORK_HEADER = YES;
				CLANG_WARN_RANGE_LOOP_ANALYSIS = YES;
				CLANG_WARN_STRICT_PROTOTYPES = YES;
				CLANG_WARN_SUSPICIOUS_MOVE = YES;
				CLANG_WARN_UNGUARDED_AVAILABILITY = YES_AGGRESSIVE;
				CLANG_WARN_UNREACHABLE_CODE = YES;
				CLANG_WARN__DUPLICATE_METHOD_MATCH = YES;
				COPY_PHASE_STRIP = NO;
				DEBUG_INFORMATION_FORMAT = "dwarf-with-dsym";
				ENABLE_NS_ASSERTIONS = NO;
				ENABLE_STRICT_OBJC_MSGSEND = YES;
				GCC_C_LANGUAGE_STANDARD = gnu11;
				GCC_NO_COMMON_BLOCKS = YES;
				GCC_WARN_64_TO_32_BIT_CONVERSION = YES;
				GCC_WARN_ABOUT_RETURN_TYPE = YES_ERROR;
				GCC_WARN_UNDECLARED_SELECTOR = YES;
				GCC_WARN_UNINITIALIZED_AUTOS = YES_AGGRESSIVE;
				GCC_WARN_UNUSED_FUNCTION = YES;
				GCC_WARN_UNUSED_VARIABLE = YES;
				IPHONEOS_DEPLOYMENT_TARGET = 15.2;
				MTL_ENABLE_DEBUG_INFO = NO;
				MTL_FAST_MATH = YES;
				SDKROOT = iphoneos;
				SWIFT_COMPILATION_MODE = wholemodule;
				SWIFT_OPTIMIZATION_LEVEL = "-O";
				VALIDATE_PRODUCT = YES;
			};
			name = Release;
		};
		B46CB1F527B8137700293105 /* Debug */ = {
			isa = XCBuildConfiguration;
			baseConfigurationReference = 69F75A52C83CD3F44A7CE71C /* Pods-XChangeCalculator.debug.xcconfig */;
			buildSettings = {
				ASSETCATALOG_COMPILER_APPICON_NAME = AppIcon;
				ASSETCATALOG_COMPILER_GLOBAL_ACCENT_COLOR_NAME = AccentColor;
				CODE_SIGN_STYLE = Automatic;
				CURRENT_PROJECT_VERSION = 1;
				DEVELOPMENT_TEAM = ZPS3H473KB;
				GENERATE_INFOPLIST_FILE = YES;
				INFOPLIST_FILE = XChangeCalculator/Info.plist;
				INFOPLIST_KEY_UIApplicationSupportsIndirectInputEvents = YES;
				INFOPLIST_KEY_UILaunchStoryboardName = LaunchScreen;
				INFOPLIST_KEY_UIMainStoryboardFile = Main;
				INFOPLIST_KEY_UISupportedInterfaceOrientations_iPad = "UIInterfaceOrientationPortrait UIInterfaceOrientationPortraitUpsideDown UIInterfaceOrientationLandscapeLeft UIInterfaceOrientationLandscapeRight";
				INFOPLIST_KEY_UISupportedInterfaceOrientations_iPhone = "UIInterfaceOrientationPortrait UIInterfaceOrientationLandscapeLeft UIInterfaceOrientationLandscapeRight";
				LD_RUNPATH_SEARCH_PATHS = (
					"$(inherited)",
					"@executable_path/Frameworks",
				);
				MARKETING_VERSION = 1.0;
				PRODUCT_BUNDLE_IDENTIFIER = com.brightsummit.XChangeCalculator;
				PRODUCT_NAME = "$(TARGET_NAME)";
				SWIFT_EMIT_LOC_STRINGS = YES;
				SWIFT_VERSION = 5.0;
				TARGETED_DEVICE_FAMILY = "1,2";
			};
			name = Debug;
		};
		B46CB1F627B8137700293105 /* Release */ = {
			isa = XCBuildConfiguration;
			baseConfigurationReference = 4D34762388FFB2A1980EBCB0 /* Pods-XChangeCalculator.release.xcconfig */;
			buildSettings = {
				ASSETCATALOG_COMPILER_APPICON_NAME = AppIcon;
				ASSETCATALOG_COMPILER_GLOBAL_ACCENT_COLOR_NAME = AccentColor;
				CODE_SIGN_STYLE = Automatic;
				CURRENT_PROJECT_VERSION = 1;
				DEVELOPMENT_TEAM = ZPS3H473KB;
				GENERATE_INFOPLIST_FILE = YES;
				INFOPLIST_FILE = XChangeCalculator/Info.plist;
				INFOPLIST_KEY_UIApplicationSupportsIndirectInputEvents = YES;
				INFOPLIST_KEY_UILaunchStoryboardName = LaunchScreen;
				INFOPLIST_KEY_UIMainStoryboardFile = Main;
				INFOPLIST_KEY_UISupportedInterfaceOrientations_iPad = "UIInterfaceOrientationPortrait UIInterfaceOrientationPortraitUpsideDown UIInterfaceOrientationLandscapeLeft UIInterfaceOrientationLandscapeRight";
				INFOPLIST_KEY_UISupportedInterfaceOrientations_iPhone = "UIInterfaceOrientationPortrait UIInterfaceOrientationLandscapeLeft UIInterfaceOrientationLandscapeRight";
				LD_RUNPATH_SEARCH_PATHS = (
					"$(inherited)",
					"@executable_path/Frameworks",
				);
				MARKETING_VERSION = 1.0;
				PRODUCT_BUNDLE_IDENTIFIER = com.brightsummit.XChangeCalculator;
				PRODUCT_NAME = "$(TARGET_NAME)";
				SWIFT_EMIT_LOC_STRINGS = YES;
				SWIFT_VERSION = 5.0;
				TARGETED_DEVICE_FAMILY = "1,2";
			};
			name = Release;
		};
		B46CB1F827B8137700293105 /* Debug */ = {
			isa = XCBuildConfiguration;
			baseConfigurationReference = 4F2CCDBA31AB4B6F1ED28794 /* Pods-XChangeCalculatorTests.debug.xcconfig */;
			buildSettings = {
				ALWAYS_EMBED_SWIFT_STANDARD_LIBRARIES = YES;
				BUNDLE_LOADER = "$(TEST_HOST)";
				CODE_SIGN_STYLE = Automatic;
				CURRENT_PROJECT_VERSION = 1;
				DEVELOPMENT_TEAM = ZPS3H473KB;
				GENERATE_INFOPLIST_FILE = YES;
				IPHONEOS_DEPLOYMENT_TARGET = 15.2;
				MARKETING_VERSION = 1.0;
				PRODUCT_BUNDLE_IDENTIFIER = com.brightsummit.XChangeCalculatorTests;
				PRODUCT_NAME = "$(TARGET_NAME)";
				SWIFT_EMIT_LOC_STRINGS = NO;
				SWIFT_VERSION = 5.0;
				TARGETED_DEVICE_FAMILY = "1,2";
				TEST_HOST = "$(BUILT_PRODUCTS_DIR)/XChangeCalculator.app/XChangeCalculator";
			};
			name = Debug;
		};
		B46CB1F927B8137700293105 /* Release */ = {
			isa = XCBuildConfiguration;
			baseConfigurationReference = 452F10919A62A6B142E9F644 /* Pods-XChangeCalculatorTests.release.xcconfig */;
			buildSettings = {
				ALWAYS_EMBED_SWIFT_STANDARD_LIBRARIES = YES;
				BUNDLE_LOADER = "$(TEST_HOST)";
				CODE_SIGN_STYLE = Automatic;
				CURRENT_PROJECT_VERSION = 1;
				DEVELOPMENT_TEAM = ZPS3H473KB;
				GENERATE_INFOPLIST_FILE = YES;
				IPHONEOS_DEPLOYMENT_TARGET = 15.2;
				MARKETING_VERSION = 1.0;
				PRODUCT_BUNDLE_IDENTIFIER = com.brightsummit.XChangeCalculatorTests;
				PRODUCT_NAME = "$(TARGET_NAME)";
				SWIFT_EMIT_LOC_STRINGS = NO;
				SWIFT_VERSION = 5.0;
				TARGETED_DEVICE_FAMILY = "1,2";
				TEST_HOST = "$(BUILT_PRODUCTS_DIR)/XChangeCalculator.app/XChangeCalculator";
			};
			name = Release;
		};
		B46CB1FB27B8137700293105 /* Debug */ = {
			isa = XCBuildConfiguration;
			baseConfigurationReference = D84B98477589B3A484B94FB7 /* Pods-XChangeCalculator-XChangeCalculatorUITests.debug.xcconfig */;
			buildSettings = {
				ALWAYS_EMBED_SWIFT_STANDARD_LIBRARIES = YES;
				CODE_SIGN_STYLE = Automatic;
				CURRENT_PROJECT_VERSION = 1;
				DEVELOPMENT_TEAM = ZPS3H473KB;
				GENERATE_INFOPLIST_FILE = YES;
				MARKETING_VERSION = 1.0;
				PRODUCT_BUNDLE_IDENTIFIER = com.brightsummit.XChangeCalculatorUITests;
				PRODUCT_NAME = "$(TARGET_NAME)";
				SWIFT_EMIT_LOC_STRINGS = NO;
				SWIFT_VERSION = 5.0;
				TARGETED_DEVICE_FAMILY = "1,2";
				TEST_TARGET_NAME = XChangeCalculator;
			};
			name = Debug;
		};
		B46CB1FC27B8137700293105 /* Release */ = {
			isa = XCBuildConfiguration;
			baseConfigurationReference = F527E42C37D18A23AF1B67CE /* Pods-XChangeCalculator-XChangeCalculatorUITests.release.xcconfig */;
			buildSettings = {
				ALWAYS_EMBED_SWIFT_STANDARD_LIBRARIES = YES;
				CODE_SIGN_STYLE = Automatic;
				CURRENT_PROJECT_VERSION = 1;
				DEVELOPMENT_TEAM = ZPS3H473KB;
				GENERATE_INFOPLIST_FILE = YES;
				MARKETING_VERSION = 1.0;
				PRODUCT_BUNDLE_IDENTIFIER = com.brightsummit.XChangeCalculatorUITests;
				PRODUCT_NAME = "$(TARGET_NAME)";
				SWIFT_EMIT_LOC_STRINGS = NO;
				SWIFT_VERSION = 5.0;
				TARGETED_DEVICE_FAMILY = "1,2";
				TEST_TARGET_NAME = XChangeCalculator;
			};
			name = Release;
		};
/* End XCBuildConfiguration section */

/* Begin XCConfigurationList section */
		B46CB1C527B8136F00293105 /* Build configuration list for PBXProject "XChangeCalculator" */ = {
			isa = XCConfigurationList;
			buildConfigurations = (
				B46CB1F227B8137700293105 /* Debug */,
				B46CB1F327B8137700293105 /* Release */,
			);
			defaultConfigurationIsVisible = 0;
			defaultConfigurationName = Release;
		};
		B46CB1F427B8137700293105 /* Build configuration list for PBXNativeTarget "XChangeCalculator" */ = {
			isa = XCConfigurationList;
			buildConfigurations = (
				B46CB1F527B8137700293105 /* Debug */,
				B46CB1F627B8137700293105 /* Release */,
			);
			defaultConfigurationIsVisible = 0;
			defaultConfigurationName = Release;
		};
		B46CB1F727B8137700293105 /* Build configuration list for PBXNativeTarget "XChangeCalculatorTests" */ = {
			isa = XCConfigurationList;
			buildConfigurations = (
				B46CB1F827B8137700293105 /* Debug */,
				B46CB1F927B8137700293105 /* Release */,
			);
			defaultConfigurationIsVisible = 0;
			defaultConfigurationName = Release;
		};
		B46CB1FA27B8137700293105 /* Build configuration list for PBXNativeTarget "XChangeCalculatorUITests" */ = {
			isa = XCConfigurationList;
			buildConfigurations = (
				B46CB1FB27B8137700293105 /* Debug */,
				B46CB1FC27B8137700293105 /* Release */,
			);
			defaultConfigurationIsVisible = 0;
			defaultConfigurationName = Release;
		};
/* End XCConfigurationList section */
	};
	rootObject = B46CB1C227B8136F00293105 /* Project object */;
}
